
Microsoft Visual Studio Solution File, Format Version 12.00
# Visual Studio Version 16
VisualStudioVersion = 16.0.30621.155
MinimumVisualStudioVersion = 10.0.40219.1
Project("{9A19103F-16F7-4668-BE54-9A1E7A4F7556}") = "EFCoreApp2020E", "EFCoreApp2020E\EFCoreApp2020E.csproj", "{3E949538-1F6F-4373-8825-503303068D9F}"
EndProject
Project("{9A19103F-16F7-4668-BE54-9A1E7A4F7556}") = "VSFlyWebAPI", "VSFlyWebAPI\VSFlyWebAPI.csproj", "{9A4190F2-B7C8-4E55-9D37-256995E2B092}"
EndProject
Project("{FAE04EC0-301F-11D3-BF4B-00C04F79EFBC}") = "ConsoleTestVSFly", "ConsoleTestVSFly\ConsoleTestVSFly.csproj", "{B9DC7BC1-1209-4C21-A441-D713875F5DC9}"
EndProject
Global
	GlobalSection(SolutionConfigurationPlatforms) = preSolution
		Debug|Any CPU = Debug|Any CPU
		Release|Any CPU = Release|Any CPU
	EndGlobalSection
	GlobalSection(ProjectConfigurationPlatforms) = postSolution
		{3E949538-1F6F-4373-8825-503303068D9F}.Debug|Any CPU.ActiveCfg = Debug|Any CPU
		{3E949538-1F6F-4373-8825-503303068D9F}.Debug|Any CPU.Build.0 = Debug|Any CPU
		{3E949538-1F6F-4373-8825-503303068D9F}.Release|Any CPU.ActiveCfg = Release|Any CPU
		{3E949538-1F6F-4373-8825-503303068D9F}.Release|Any CPU.Build.0 = Release|Any CPU
		{9A4190F2-B7C8-4E55-9D37-256995E2B092}.Debug|Any CPU.ActiveCfg = Debug|Any CPU
		{9A4190F2-B7C8-4E55-9D37-256995E2B092}.Debug|Any CPU.Build.0 = Debug|Any CPU
		{9A4190F2-B7C8-4E55-9D37-256995E2B092}.Release|Any CPU.ActiveCfg = Release|Any CPU
		{9A4190F2-B7C8-4E55-9D37-256995E2B092}.Release|Any CPU.Build.0 = Release|Any CPU
		{B9DC7BC1-1209-4C21-A441-D713875F5DC9}.Debug|Any CPU.ActiveCfg = Debug|Any CPU
		{B9DC7BC1-1209-4C21-A441-D713875F5DC9}.Debug|Any CPU.Build.0 = Debug|Any CPU
		{B9DC7BC1-1209-4C21-A441-D713875F5DC9}.Release|Any CPU.ActiveCfg = Release|Any CPU
		{B9DC7BC1-1209-4C21-A441-D713875F5DC9}.Release|Any CPU.Build.0 = Release|Any CPU
	EndGlobalSection
	GlobalSection(SolutionProperties) = preSolution
		HideSolutionNode = FALSE
	EndGlobalSection
	GlobalSection(ExtensibilityGlobals) = postSolution
		SolutionGuid = {078E0B5F-1EC1-408C-BA3C-F653A3C91A48}
	EndGlobalSection
EndGlobal
